<?xml version="1.0" encoding="utf-8"?>
<Project ToolsVersion="4.0" xmlns="http://schemas.microsoft.com/developer/msbuild/2003">
  <ItemGroup>
    <Filter Include="來源檔案">
      <UniqueIdentifier>{4FC737F1-C7A5-4376-A066-2A32D752A2FF}</UniqueIdentifier>
      <Extensions>cpp;c;cc;cxx;c++;cppm;ixx;def;odl;idl;hpj;bat;asm;asmx</Extensions>
    </Filter>
    <Filter Include="標頭檔">
      <UniqueIdentifier>{93995380-89BD-4b04-88EB-625FBE52EBFB}</UniqueIdentifier>
      <Extensions>h;hh;hpp;hxx;h++;hm;inl;inc;ipp;xsd</Extensions>
    </Filter>
    <Filter Include="資源檔">
      <UniqueIdentifier>{67DA6AB6-F800-4c08-8B7A-83BB121AAD01}</UniqueIdentifier>
      <Extensions>rc;ico;cur;bmp;dlg;rc2;rct;bin;rgs;gif;jpg;jpeg;jpe;resx;tiff;tif;png;wav;mfcribbon-ms</Extensions>
    </Filter>
    <Filter Include="Script">
      <UniqueIdentifier>{8a2141db-2e95-40fa-b59e-eacba8dfd1cc}</UniqueIdentifier>
    </Filter>
  </ItemGroup>
  <ItemGroup>
    <ClCompile Include="src\ast.c">
      <Filter>來源檔案</Filter>
    </ClCompile>
    <ClCompile Include="src\builtins.c">
      <Filter>來源檔案</Filter>
    </ClCompile>
    <ClCompile Include="src\env.c">
      <Filter>來源檔案</Filter>
    </ClCompile>
    <ClCompile Include="src\interpreter.c">
      <Filter>來源檔案</Filter>
    </ClCompile>
    <ClCompile Include="src\lexer.c">
      <Filter>來源檔案</Filter>
    </ClCompile>
    <ClCompile Include="src\main.c">
      <Filter>來源檔案</Filter>
    </ClCompile>
    <ClCompile Include="src\parser.c">
      <Filter>來源檔案</Filter>
    </ClCompile>
    <ClCompile Include="src\plugin.c">
      <Filter>來源檔案</Filter>
    </ClCompile>
    <ClCompile Include="src\value.c">
      <Filter>來源檔案</Filter>
    </ClCompile>
    <ClCompile Include="src\platform_win32.c">
      <Filter>來源檔案</Filter>
    </ClCompile>
  </ItemGroup>
  <ItemGroup>
    <None Include="examples\demo.as">
      <Filter>Script</Filter>
    </None>
  </ItemGroup>
  <ItemGroup>
    <ClInclude Include="include\ast.h">
      <Filter>標頭檔</Filter>
    </ClInclude>
    <ClInclude Include="include\builtins.h">
      <Filter>標頭檔</Filter>
    </ClInclude>
    <ClInclude Include="include\env.h">
      <Filter>標頭檔</Filter>
    </ClInclude>
    <ClInclude Include="include\interpreter.h">
      <Filter>標頭檔</Filter>
    </ClInclude>
    <ClInclude Include="include\lexer.h">
      <Filter>標頭檔</Filter>
    </ClInclude>
    <ClInclude Include="include\parser.h">
      <Filter>標頭檔</Filter>
    </ClInclude>
    <ClInclude Include="include\plugin.h">
      <Filter>標頭檔</Filter>
    </ClInclude>
    <ClInclude Include="include\plugin_manager.h">
      <Filter>標頭檔</Filter>
    </ClInclude>
    <ClInclude Include="include\plugin_window.h">
      <Filter>標頭檔</Filter>
    </ClInclude>
    <ClInclude Include="include\value.h">
      <Filter>標頭檔</Filter>
    </ClInclude>
    <ClInclude Include="include\platform_win32.h">
      <Filter>標頭檔</Filter>
    </ClInclude>
  </ItemGroup>
</Project>